{
  "requires": true,
  "lockfileVersion": 1,
  "dependencies": {
    "fuzzysearch": {
      "version": "1.0.3",
      "resolved": "https://registry.npmjs.org/fuzzysearch/-/fuzzysearch-1.0.3.tgz",
      "integrity": "sha1-3/yA9tawQiPyImqnndGUIxCW0Ag="
    },
    "lunr": {
      "version": "2.3.9",
      "resolved": "https://registry.npmjs.org/lunr/-/lunr-2.3.9.tgz",
      "integrity": "sha512-zTU3DaZaF3Rt9rhN3uBMGQD3dD2/vFQqnvZCDv4dl5iOzq2IZQqTxu90r4E5J+nP70J3ilqVCrbho2eWaeW8Ow=="
    },
    "simple-jekyll-search": {
      "version": "1.9.1",
      "resolved": "https://registry.npmjs.org/simple-jekyll-search/-/simple-jekyll-search-1.9.1.tgz",
      "integrity": "sha512-WL350X9codx5LoYXhGluYz/iE3DRJexHbYMvYXkdYyzjuwQ0Iuz43mpO5rpINgp2TriIiF3Xg7kpgIP9ewGUrw==",
      "requires": {
        "fuzzysearch": "^1.0.3"
      }
    }
  }
}
